
Microsoft Visual Studio Solution File, Format Version 12.00
# Visual Studio 15
VisualStudioVersion = 15.0.26730.3
MinimumVisualStudioVersion = 10.0.40219.1
Project("{FAE04EC0-301F-11D3-BF4B-00C04F79EFBC}") = "IntersectionOfTwoLinkedLists", "IntersectionOfTwoLinkedLists\IntersectionOfTwoLinkedLists.csproj", "{CA99AA05-FB51-49F8-9F01-F3B218967C0E}"
EndProject
Global
	GlobalSection(SolutionConfigurationPlatforms) = preSolution
		Debug|Any CPU = Debug|Any CPU
		Release|Any CPU = Release|Any CPU
	EndGlobalSection
	GlobalSection(ProjectConfigurationPlatforms) = postSolution
		{CA99AA05-FB51-49F8-9F01-F3B218967C0E}.Debug|Any CPU.ActiveCfg = Debug|Any CPU
		{CA99AA05-FB51-49F8-9F01-F3B218967C0E}.Debug|Any CPU.Build.0 = Debug|Any CPU
		{CA99AA05-FB51-49F8-9F01-F3B218967C0E}.Release|Any CPU.ActiveCfg = Release|Any CPU
		{CA99AA05-FB51-49F8-9F01-F3B218967C0E}.Release|Any CPU.Build.0 = Release|Any CPU
	EndGlobalSection
	GlobalSection(SolutionProperties) = preSolution
		HideSolutionNode = FALSE
	EndGlobalSection
	GlobalSection(ExtensibilityGlobals) = postSolution
		SolutionGuid = {650AA6BA-7B63-43AE-9CA2-21429A79F12A}
	EndGlobalSection
EndGlobal
