
Microsoft Visual Studio Solution File, Format Version 12.00
# Visual Studio 15
VisualStudioVersion = 15.0.27703.2018
MinimumVisualStudioVersion = 10.0.40219.1
Project("{FAE04EC0-301F-11D3-BF4B-00C04F79EFBC}") = "Reverse", "Reverse\Reverse.csproj", "{724CDCD3-720A-405C-AA98-B38355A02FD1}"
EndProject
Global
	GlobalSection(SolutionConfigurationPlatforms) = preSolution
		Debug|Any CPU = Debug|Any CPU
		Release|Any CPU = Release|Any CPU
	EndGlobalSection
	GlobalSection(ProjectConfigurationPlatforms) = postSolution
		{724CDCD3-720A-405C-AA98-B38355A02FD1}.Debug|Any CPU.ActiveCfg = Debug|Any CPU
		{724CDCD3-720A-405C-AA98-B38355A02FD1}.Debug|Any CPU.Build.0 = Debug|Any CPU
		{724CDCD3-720A-405C-AA98-B38355A02FD1}.Release|Any CPU.ActiveCfg = Release|Any CPU
		{724CDCD3-720A-405C-AA98-B38355A02FD1}.Release|Any CPU.Build.0 = Release|Any CPU
	EndGlobalSection
	GlobalSection(SolutionProperties) = preSolution
		HideSolutionNode = FALSE
	EndGlobalSection
	GlobalSection(ExtensibilityGlobals) = postSolution
		SolutionGuid = {CCC0BED0-D934-4A41-AE7F-BF908A7ABE59}
	EndGlobalSection
EndGlobal
