
Microsoft Visual Studio Solution File, Format Version 12.00
# Visual Studio 15
VisualStudioVersion = 15.0.26730.3
MinimumVisualStudioVersion = 10.0.40219.1
Project("{FAE04EC0-301F-11D3-BF4B-00C04F79EFBC}") = "FactorialTrailingZeroes", "FactorialTrailingZeroes\FactorialTrailingZeroes.csproj", "{40370DC0-DEFB-4A2A-B91D-BD6A5A782FB2}"
EndProject
Global
	GlobalSection(SolutionConfigurationPlatforms) = preSolution
		Debug|Any CPU = Debug|Any CPU
		Release|Any CPU = Release|Any CPU
	EndGlobalSection
	GlobalSection(ProjectConfigurationPlatforms) = postSolution
		{40370DC0-DEFB-4A2A-B91D-BD6A5A782FB2}.Debug|Any CPU.ActiveCfg = Debug|Any CPU
		{40370DC0-DEFB-4A2A-B91D-BD6A5A782FB2}.Debug|Any CPU.Build.0 = Debug|Any CPU
		{40370DC0-DEFB-4A2A-B91D-BD6A5A782FB2}.Release|Any CPU.ActiveCfg = Release|Any CPU
		{40370DC0-DEFB-4A2A-B91D-BD6A5A782FB2}.Release|Any CPU.Build.0 = Release|Any CPU
	EndGlobalSection
	GlobalSection(SolutionProperties) = preSolution
		HideSolutionNode = FALSE
	EndGlobalSection
	GlobalSection(ExtensibilityGlobals) = postSolution
		SolutionGuid = {A338F148-5C16-4D9C-8082-6F6E5870AC2D}
	EndGlobalSection
EndGlobal
