
Microsoft Visual Studio Solution File, Format Version 12.00
# Visual Studio 15
VisualStudioVersion = 15.0.26730.3
MinimumVisualStudioVersion = 10.0.40219.1
Project("{FAE04EC0-301F-11D3-BF4B-00C04F79EFBC}") = "SortColors", "SortColors\SortColors.csproj", "{EEA58CF3-2DA3-4DD4-9DE7-0D9C3C84545C}"
EndProject
Global
	GlobalSection(SolutionConfigurationPlatforms) = preSolution
		Debug|Any CPU = Debug|Any CPU
		Release|Any CPU = Release|Any CPU
	EndGlobalSection
	GlobalSection(ProjectConfigurationPlatforms) = postSolution
		{EEA58CF3-2DA3-4DD4-9DE7-0D9C3C84545C}.Debug|Any CPU.ActiveCfg = Debug|Any CPU
		{EEA58CF3-2DA3-4DD4-9DE7-0D9C3C84545C}.Debug|Any CPU.Build.0 = Debug|Any CPU
		{EEA58CF3-2DA3-4DD4-9DE7-0D9C3C84545C}.Release|Any CPU.ActiveCfg = Release|Any CPU
		{EEA58CF3-2DA3-4DD4-9DE7-0D9C3C84545C}.Release|Any CPU.Build.0 = Release|Any CPU
	EndGlobalSection
	GlobalSection(SolutionProperties) = preSolution
		HideSolutionNode = FALSE
	EndGlobalSection
	GlobalSection(ExtensibilityGlobals) = postSolution
		SolutionGuid = {660E47E4-FB42-4F21-88BD-C608AE4FDCA4}
	EndGlobalSection
EndGlobal
