
Microsoft Visual Studio Solution File, Format Version 12.00
# Visual Studio Version 16
VisualStudioVersion = 16.0.31019.35
MinimumVisualStudioVersion = 10.0.40219.1
Project("{FAE04EC0-301F-11D3-BF4B-00C04F79EFBC}") = "SearchInRotatedSortedArray", "SearchInRotatedSortedArray.csproj", "{97190028-F75E-43DF-80F6-7FADB8C73AF3}"
EndProject
Global
	GlobalSection(SolutionConfigurationPlatforms) = preSolution
		Debug|Any CPU = Debug|Any CPU
		Release|Any CPU = Release|Any CPU
	EndGlobalSection
	GlobalSection(ProjectConfigurationPlatforms) = postSolution
		{97190028-F75E-43DF-80F6-7FADB8C73AF3}.Debug|Any CPU.ActiveCfg = Debug|Any CPU
		{97190028-F75E-43DF-80F6-7FADB8C73AF3}.Debug|Any CPU.Build.0 = Debug|Any CPU
		{97190028-F75E-43DF-80F6-7FADB8C73AF3}.Release|Any CPU.ActiveCfg = Release|Any CPU
		{97190028-F75E-43DF-80F6-7FADB8C73AF3}.Release|Any CPU.Build.0 = Release|Any CPU
	EndGlobalSection
	GlobalSection(SolutionProperties) = preSolution
		HideSolutionNode = FALSE
	EndGlobalSection
	GlobalSection(ExtensibilityGlobals) = postSolution
		SolutionGuid = {748AABB5-EC98-43EF-BC40-F3E34040E816}
	EndGlobalSection
EndGlobal
